<?xml version="1.0" encoding="utf-8"?>
<Project ToolsVersion="4.0" xmlns="http://schemas.microsoft.com/developer/msbuild/2003">
  <ItemGroup>
    <ClCompile Include="src\main.c" />
    <ClCompile Include="src\update\update.c" />
    <ClCompile Include="src\update\update_core.c" />
    <ClCompile Include="src\update\update_http.c" />
    <ClCompile Include="src\update\update_sha256.c" />
    <ClCompile Include="include\minizip-ng\mz_crypt.c" />
    <ClCompile Include="include\minizip-ng\mz_os.c" />
    <ClCompile Include="include\minizip-ng\mz_os_win32.c" />
    <ClCompile Include="include\minizip-ng\mz_strm.c" />
    <ClCompile Include="include\minizip-ng\mz_strm_buf.c" />
    <ClCompile Include="include\minizip-ng\mz_strm_mem.c" />
    <ClCompile Include="include\minizip-ng\mz_strm_os_win32.c" />
    <ClCompile Include="include\minizip-ng\mz_strm_split.c" />
    <ClCompile Include="include\minizip-ng\mz_strm_zlib.c" />
    <ClCompile Include="include\minizip-ng\mz_zip.c" />
    <ClCompile Include="include\minizip-ng\mz_zip_rw.c" />
    <ClCompile Include="include\zlib-ng\arch\generic\adler32_c.c" />
    <ClCompile Include="include\zlib-ng\arch\generic\adler32_fold_c.c" />
    <ClCompile Include="include\zlib-ng\arch\generic\chunkset_c.c" />
    <ClCompile Include="include\zlib-ng\arch\generic\compare256_c.c" />
    <ClCompile Include="include\zlib-ng\arch\generic\crc32_braid_c.c" />
    <ClCompile Include="include\zlib-ng\arch\generic\crc32_fold_c.c" />
    <ClCompile Include="include\zlib-ng\arch\generic\crc32_chorba_c.c" />
    <ClCompile Include="include\zlib-ng\arch\generic\slide_hash_c.c" />
    <ClCompile Include="include\zlib-ng\adler32.c" />
    <ClCompile Include="include\zlib-ng\compress.c" />
    <ClCompile Include="include\zlib-ng\crc32.c" />
    <ClCompile Include="include\zlib-ng\crc32_braid_comb.c" />
    <ClCompile Include="include\zlib-ng\cpu_features.c" />
    <ClCompile Include="include\zlib-ng\deflate.c" />
    <ClCompile Include="include\zlib-ng\deflate_fast.c" />
    <ClCompile Include="include\zlib-ng\deflate_huff.c" />
    <ClCompile Include="include\zlib-ng\deflate_medium.c" />
    <ClCompile Include="include\zlib-ng\deflate_quick.c" />
    <ClCompile Include="include\zlib-ng\deflate_rle.c" />
    <ClCompile Include="include\zlib-ng\deflate_slow.c" />
    <ClCompile Include="include\zlib-ng\deflate_stored.c" />
    <ClCompile Include="include\zlib-ng\functable.c" />
    <ClCompile Include="include\zlib-ng\infback.c" />
    <ClCompile Include="include\zlib-ng\inflate.c" />
    <ClCompile Include="include\zlib-ng\inftrees.c" />
    <ClCompile Include="include\zlib-ng\insert_string.c" />
    <ClCompile Include="include\zlib-ng\insert_string_roll.c" />
    <ClCompile Include="include\zlib-ng\trees.c" />
    <ClCompile Include="include\zlib-ng\uncompr.c" />
    <ClCompile Include="include\zlib-ng\zutil.c" />
    <ClCompile Include="src\code.c" />
    <ClCompile Include="src\module.c" />
    <ClCompile Include="src\debugger.c" />
    <ClCompile Include="src\profile.c" />
    <ClCompile Include="src\jit_dump.c" />
    <ClCompile Include="src\jit_emit.c" />
    <ClCompile Include="src\jit.c" />
    <ClCompile Include="src\jit_regs.c" />
    <ClCompile Include="src\jit_x86_64.c" />
  </ItemGroup>
  <ItemGroup>
    <ClInclude Include="src\hlmodule.h" />
    <ClInclude Include="src\opcodes.h" />
    <ClInclude Include="src\hl.h" />
    <ClInclude Include="src\hlsystem.h" />
    <ClInclude Include="src\jit.h" />
    <ClInclude Include="src\data_struct.h" />
  </ItemGroup>
</Project>
